// !$*UTF8*$!
{
	archiveVersion = 1;
	classes = {
	};
	objectVersion = 50;
	objects = {

/* Begin PBXBuildFile section */
		02D5FCAB6C7F6FB32925A5D1 /* Pods_EventManageDemo_EventManageDemoUITests.framework in Frameworks */ = {isa = PBXBuildFile; fileRef = 7B9AEE0EE34E005DC99DC268 /* Pods_EventManageDemo_EventManageDemoUITests.framework */; };
		04D593DC252B8C6F001EC5CB /* AppDelegate.swift in Sources */ = {isa = PBXBuildFile; fileRef = 04D593DB252B8C6F001EC5CB /* AppDelegate.swift */; };
		04D593DE252B8C6F001EC5CB /* SceneDelegate.swift in Sources */ = {isa = PBXBuildFile; fileRef = 04D593DD252B8C6F001EC5CB /* SceneDelegate.swift */; };
		04D593E0252B8C6F001EC5CB /* ViewController.swift in Sources */ = {isa = PBXBuildFile; fileRef = 04D593DF252B8C6F001EC5CB /* ViewController.swift */; };
		04D593E3252B8C6F001EC5CB /* Main.storyboard in Resources */ = {isa = PBXBuildFile; fileRef = 04D593E1252B8C6F001EC5CB /* Main.storyboard */; };
		04D593E5252B8C73001EC5CB /* Assets.xcassets in Resources */ = {isa = PBXBuildFile; fileRef = 04D593E4252B8C73001EC5CB /* Assets.xcassets */; };
		04D593E8252B8C73001EC5CB /* LaunchScreen.storyboard in Resources */ = {isa = PBXBuildFile; fileRef = 04D593E6252B8C73001EC5CB /* LaunchScreen.storyboard */; };
		04D593F3252B8C73001EC5CB /* EventManageDemoTests.swift in Sources */ = {isa = PBXBuildFile; fileRef = 04D593F2252B8C73001EC5CB /* EventManageDemoTests.swift */; };
		04D593FE252B8C73001EC5CB /* EventManageDemoUITests.swift in Sources */ = {isa = PBXBuildFile; fileRef = 04D593FD252B8C73001EC5CB /* EventManageDemoUITests.swift */; };
		04F5617E252F169500204A46 /* HomeViewController.swift in Sources */ = {isa = PBXBuildFile; fileRef = 04F5617D252F169500204A46 /* HomeViewController.swift */; };
		04F56182252F3C6C00204A46 /* EventCollectionViewCell.swift in Sources */ = {isa = PBXBuildFile; fileRef = 04F56181252F3C6C00204A46 /* EventCollectionViewCell.swift */; };
		04F56187253049BE00204A46 /* MyCollectionViewCell.swift in Sources */ = {isa = PBXBuildFile; fileRef = 04F56185253049BE00204A46 /* MyCollectionViewCell.swift */; };
		04F56188253049BE00204A46 /* MyCollectionViewCell.xib in Resources */ = {isa = PBXBuildFile; fileRef = 04F56186253049BE00204A46 /* MyCollectionViewCell.xib */; };
		04F5618A2533211300204A46 /* MyEventsViewController.swift in Sources */ = {isa = PBXBuildFile; fileRef = 04F561892533211300204A46 /* MyEventsViewController.swift */; };
		04F5618C25337F2500204A46 /* RoomsTittleCollectionViewCell.swift in Sources */ = {isa = PBXBuildFile; fileRef = 04F5618B25337F2500204A46 /* RoomsTittleCollectionViewCell.swift */; };
		04F5618F2533FE5600204A46 /* UIViewControllerExtension.swift in Sources */ = {isa = PBXBuildFile; fileRef = 04F5618E2533FE5600204A46 /* UIViewControllerExtension.swift */; };
		04F561912534139E00204A46 /* DetailsViewController.swift in Sources */ = {isa = PBXBuildFile; fileRef = 04F561902534139E00204A46 /* DetailsViewController.swift */; };
		04F5619325341AE600204A46 /* ConversationsViewController.swift in Sources */ = {isa = PBXBuildFile; fileRef = 04F5619225341AE600204A46 /* ConversationsViewController.swift */; };
		04F5619525342C8600204A46 /* HomeModel.swift in Sources */ = {isa = PBXBuildFile; fileRef = 04F5619425342C8600204A46 /* HomeModel.swift */; };
		04F5619725342CAE00204A46 /* HomeViewModel.swift in Sources */ = {isa = PBXBuildFile; fileRef = 04F5619625342CAE00204A46 /* HomeViewModel.swift */; };
		4CF84920C82EC17DAFCF77CE /* Pods_EventManageDemoTests.framework in Frameworks */ = {isa = PBXBuildFile; fileRef = 31A05885B3DD42261D5B6756 /* Pods_EventManageDemoTests.framework */; };
		CDCA82D2C59DE4D95D6CD4F0 /* Pods_EventManageDemo.framework in Frameworks */ = {isa = PBXBuildFile; fileRef = 9499F183C0BC9691DA321277 /* Pods_EventManageDemo.framework */; };
/* End PBXBuildFile section */

/* Begin PBXContainerItemProxy section */
		04D593EF252B8C73001EC5CB /* PBXContainerItemProxy */ = {
			isa = PBXContainerItemProxy;
			containerPortal = 04D593D0252B8C6F001EC5CB /* Project object */;
			proxyType = 1;
			remoteGlobalIDString = 04D593D7252B8C6F001EC5CB;
			remoteInfo = EventManageDemo;
		};
		04D593FA252B8C73001EC5CB /* PBXContainerItemProxy */ = {
			isa = PBXContainerItemProxy;
			containerPortal = 04D593D0252B8C6F001EC5CB /* Project object */;
			proxyType = 1;
			remoteGlobalIDString = 04D593D7252B8C6F001EC5CB;
			remoteInfo = EventManageDemo;
		};
/* End PBXContainerItemProxy section */

/* Begin PBXFileReference section */
		04D593D8252B8C6F001EC5CB /* EventManageDemo.app */ = {isa = PBXFileReference; explicitFileType = wrapper.application; includeInIndex = 0; path = EventManageDemo.app; sourceTree = BUILT_PRODUCTS_DIR; };
		04D593DB252B8C6F001EC5CB /* AppDelegate.swift */ = {isa = PBXFileReference; lastKnownFileType = sourcecode.swift; path = AppDelegate.swift; sourceTree = "<group>"; };
		04D593DD252B8C6F001EC5CB /* SceneDelegate.swift */ = {isa = PBXFileReference; lastKnownFileType = sourcecode.swift; path = SceneDelegate.swift; sourceTree = "<group>"; };
		04D593DF252B8C6F001EC5CB /* ViewController.swift */ = {isa = PBXFileReference; lastKnownFileType = sourcecode.swift; path = ViewController.swift; sourceTree = "<group>"; };
		04D593E2252B8C6F001EC5CB /* Base */ = {isa = PBXFileReference; lastKnownFileType = file.storyboard; name = Base; path = Base.lproj/Main.storyboard; sourceTree = "<group>"; };
		04D593E4252B8C73001EC5CB /* Assets.xcassets */ = {isa = PBXFileReference; lastKnownFileType = folder.assetcatalog; path = Assets.xcassets; sourceTree = "<group>"; };
		04D593E7252B8C73001EC5CB /* Base */ = {isa = PBXFileReference; lastKnownFileType = file.storyboard; name = Base; path = Base.lproj/LaunchScreen.storyboard; sourceTree = "<group>"; };
		04D593E9252B8C73001EC5CB /* Info.plist */ = {isa = PBXFileReference; lastKnownFileType = text.plist.xml; path = Info.plist; sourceTree = "<group>"; };
		04D593EE252B8C73001EC5CB /* EventManageDemoTests.xctest */ = {isa = PBXFileReference; explicitFileType = wrapper.cfbundle; includeInIndex = 0; path = EventManageDemoTests.xctest; sourceTree = BUILT_PRODUCTS_DIR; };
		04D593F2252B8C73001EC5CB /* EventManageDemoTests.swift */ = {isa = PBXFileReference; lastKnownFileType = sourcecode.swift; path = EventManageDemoTests.swift; sourceTree = "<group>"; };
		04D593F4252B8C73001EC5CB /* Info.plist */ = {isa = PBXFileReference; lastKnownFileType = text.plist.xml; path = Info.plist; sourceTree = "<group>"; };
		04D593F9252B8C73001EC5CB /* EventManageDemoUITests.xctest */ = {isa = PBXFileReference; explicitFileType = wrapper.cfbundle; includeInIndex = 0; path = EventManageDemoUITests.xctest; sourceTree = BUILT_PRODUCTS_DIR; };
		04D593FD252B8C73001EC5CB /* EventManageDemoUITests.swift */ = {isa = PBXFileReference; lastKnownFileType = sourcecode.swift; path = EventManageDemoUITests.swift; sourceTree = "<group>"; };
		04D593FF252B8C73001EC5CB /* Info.plist */ = {isa = PBXFileReference; lastKnownFileType = text.plist.xml; path = Info.plist; sourceTree = "<group>"; };
		04F5617D252F169500204A46 /* HomeViewController.swift */ = {isa = PBXFileReference; lastKnownFileType = sourcecode.swift; path = HomeViewController.swift; sourceTree = "<group>"; };
		04F56181252F3C6C00204A46 /* EventCollectionViewCell.swift */ = {isa = PBXFileReference; lastKnownFileType = sourcecode.swift; path = EventCollectionViewCell.swift; sourceTree = "<group>"; };
		04F56185253049BE00204A46 /* MyCollectionViewCell.swift */ = {isa = PBXFileReference; lastKnownFileType = sourcecode.swift; path = MyCollectionViewCell.swift; sourceTree = "<group>"; };
		04F56186253049BE00204A46 /* MyCollectionViewCell.xib */ = {isa = PBXFileReference; lastKnownFileType = file.xib; path = MyCollectionViewCell.xib; sourceTree = "<group>"; };
		04F561892533211300204A46 /* MyEventsViewController.swift */ = {isa = PBXFileReference; lastKnownFileType = sourcecode.swift; path = MyEventsViewController.swift; sourceTree = "<group>"; };
		04F5618B25337F2500204A46 /* RoomsTittleCollectionViewCell.swift */ = {isa = PBXFileReference; lastKnownFileType = sourcecode.swift; path = RoomsTittleCollectionViewCell.swift; sourceTree = "<group>"; };
		04F5618E2533FE5600204A46 /* UIViewControllerExtension.swift */ = {isa = PBXFileReference; lastKnownFileType = sourcecode.swift; path = UIViewControllerExtension.swift; sourceTree = "<group>"; };
		04F561902534139E00204A46 /* DetailsViewController.swift */ = {isa = PBXFileReference; lastKnownFileType = sourcecode.swift; path = DetailsViewController.swift; sourceTree = "<group>"; };
		04F5619225341AE600204A46 /* ConversationsViewController.swift */ = {isa = PBXFileReference; lastKnownFileType = sourcecode.swift; path = ConversationsViewController.swift; sourceTree = "<group>"; };
		04F5619425342C8600204A46 /* HomeModel.swift */ = {isa = PBXFileReference; lastKnownFileType = sourcecode.swift; path = HomeModel.swift; sourceTree = "<group>"; };
		04F5619625342CAE00204A46 /* HomeViewModel.swift */ = {isa = PBXFileReference; lastKnownFileType = sourcecode.swift; path = HomeViewModel.swift; sourceTree = "<group>"; };
		31A05885B3DD42261D5B6756 /* Pods_EventManageDemoTests.framework */ = {isa = PBXFileReference; explicitFileType = wrapper.framework; includeInIndex = 0; path = Pods_EventManageDemoTests.framework; sourceTree = BUILT_PRODUCTS_DIR; };
		45ADFB416D2B18103632D367 /* Pods-EventManageDemo.release.xcconfig */ = {isa = PBXFileReference; includeInIndex = 1; lastKnownFileType = text.xcconfig; name = "Pods-EventManageDemo.release.xcconfig"; path = "Target Support Files/Pods-EventManageDemo/Pods-EventManageDemo.release.xcconfig"; sourceTree = "<group>"; };
		67A1F781441C836D29397A3B /* Pods-EventManageDemoTests.debug.xcconfig */ = {isa = PBXFileReference; includeInIndex = 1; lastKnownFileType = text.xcconfig; name = "Pods-EventManageDemoTests.debug.xcconfig"; path = "Target Support Files/Pods-EventManageDemoTests/Pods-EventManageDemoTests.debug.xcconfig"; sourceTree = "<group>"; };
		7B9AEE0EE34E005DC99DC268 /* Pods_EventManageDemo_EventManageDemoUITests.framework */ = {isa = PBXFileReference; explicitFileType = wrapper.framework; includeInIndex = 0; path = Pods_EventManageDemo_EventManageDemoUITests.framework; sourceTree = BUILT_PRODUCTS_DIR; };
		7D1F0E4D851F4B2A6A20311C /* Pods-EventManageDemo.debug.xcconfig */ = {isa = PBXFileReference; includeInIndex = 1; lastKnownFileType = text.xcconfig; name = "Pods-EventManageDemo.debug.xcconfig"; path = "Target Support Files/Pods-EventManageDemo/Pods-EventManageDemo.debug.xcconfig"; sourceTree = "<group>"; };
		9499F183C0BC9691DA321277 /* Pods_EventManageDemo.framework */ = {isa = PBXFileReference; explicitFileType = wrapper.framework; includeInIndex = 0; path = Pods_EventManageDemo.framework; sourceTree = BUILT_PRODUCTS_DIR; };
		A845F18DF437018560D0BC43 /* Pods-EventManageDemoTests.release.xcconfig */ = {isa = PBXFileReference; includeInIndex = 1; lastKnownFileType = text.xcconfig; name = "Pods-EventManageDemoTests.release.xcconfig"; path = "Target Support Files/Pods-EventManageDemoTests/Pods-EventManageDemoTests.release.xcconfig"; sourceTree = "<group>"; };
		E9AB041556F2D62D2D087171 /* Pods-EventManageDemo-EventManageDemoUITests.release.xcconfig */ = {isa = PBXFileReference; includeInIndex = 1; lastKnownFileType = text.xcconfig; name = "Pods-EventManageDemo-EventManageDemoUITests.release.xcconfig"; path = "Target Support Files/Pods-EventManageDemo-EventManageDemoUITests/Pods-EventManageDemo-EventManageDemoUITests.release.xcconfig"; sourceTree = "<group>"; };
		FE107A8772B25FDC1A63BF5C /* Pods-EventManageDemo-EventManageDemoUITests.debug.xcconfig */ = {isa = PBXFileReference; includeInIndex = 1; lastKnownFileType = text.xcconfig; name = "Pods-EventManageDemo-EventManageDemoUITests.debug.xcconfig"; path = "Target Support Files/Pods-EventManageDemo-EventManageDemoUITests/Pods-EventManageDemo-EventManageDemoUITests.debug.xcconfig"; sourceTree = "<group>"; };
/* End PBXFileReference section */

/* Begin PBXFrameworksBuildPhase section */
		04D593D5252B8C6F001EC5CB /* Frameworks */ = {
			isa = PBXFrameworksBuildPhase;
			buildActionMask = 2147483647;
			files = (
				CDCA82D2C59DE4D95D6CD4F0 /* Pods_EventManageDemo.framework in Frameworks */,
			);
			runOnlyForDeploymentPostprocessing = 0;
		};
		04D593EB252B8C73001EC5CB /* Frameworks */ = {
			isa = PBXFrameworksBuildPhase;
			buildActionMask = 2147483647;
			files = (
				4CF84920C82EC17DAFCF77CE /* Pods_EventManageDemoTests.framework in Frameworks */,
			);
			runOnlyForDeploymentPostprocessing = 0;
		};
		04D593F6252B8C73001EC5CB /* Frameworks */ = {
			isa = PBXFrameworksBuildPhase;
			buildActionMask = 2147483647;
			files = (
				02D5FCAB6C7F6FB32925A5D1 /* Pods_EventManageDemo_EventManageDemoUITests.framework in Frameworks */,
			);
			runOnlyForDeploymentPostprocessing = 0;
		};
/* End PBXFrameworksBuildPhase section */

/* Begin PBXGroup section */
		04D593CF252B8C6F001EC5CB = {
			isa = PBXGroup;
			children = (
				04D593DA252B8C6F001EC5CB /* EventManageDemo */,
				04D593F1252B8C73001EC5CB /* EventManageDemoTests */,
				04D593FC252B8C73001EC5CB /* EventManageDemoUITests */,
				04D593D9252B8C6F001EC5CB /* Products */,
				A99C3E35A68E833DFF0FF89E /* Pods */,
				6A239FA2FD373E3AF5CA968B /* Frameworks */,
			);
			sourceTree = "<group>";
		};
		04D593D9252B8C6F001EC5CB /* Products */ = {
			isa = PBXGroup;
			children = (
				04D593D8252B8C6F001EC5CB /* EventManageDemo.app */,
				04D593EE252B8C73001EC5CB /* EventManageDemoTests.xctest */,
				04D593F9252B8C73001EC5CB /* EventManageDemoUITests.xctest */,
			);
			name = Products;
			sourceTree = "<group>";
		};
		04D593DA252B8C6F001EC5CB /* EventManageDemo */ = {
			isa = PBXGroup;
			children = (
				04F5618D2533FE0100204A46 /* Extension */,
				04F56180252F3C4300204A46 /* Model */,
				04F5617F252F3C3500204A46 /* ViewModel */,
				04F5617C252F167500204A46 /* View */,
				04D593DB252B8C6F001EC5CB /* AppDelegate.swift */,
				04D593DD252B8C6F001EC5CB /* SceneDelegate.swift */,
				04D593DF252B8C6F001EC5CB /* ViewController.swift */,
				04D593E1252B8C6F001EC5CB /* Main.storyboard */,
				04D593E4252B8C73001EC5CB /* Assets.xcassets */,
				04D593E6252B8C73001EC5CB /* LaunchScreen.storyboard */,
				04D593E9252B8C73001EC5CB /* Info.plist */,
			);
			path = EventManageDemo;
			sourceTree = "<group>";
		};
		04D593F1252B8C73001EC5CB /* EventManageDemoTests */ = {
			isa = PBXGroup;
			children = (
				04D593F2252B8C73001EC5CB /* EventManageDemoTests.swift */,
				04D593F4252B8C73001EC5CB /* Info.plist */,
			);
			path = EventManageDemoTests;
			sourceTree = "<group>";
		};
		04D593FC252B8C73001EC5CB /* EventManageDemoUITests */ = {
			isa = PBXGroup;
			children = (
				04D593FD252B8C73001EC5CB /* EventManageDemoUITests.swift */,
				04D593FF252B8C73001EC5CB /* Info.plist */,
			);
			path = EventManageDemoUITests;
			sourceTree = "<group>";
		};
		04F5617C252F167500204A46 /* View */ = {
			isa = PBXGroup;
			children = (
				04F5617D252F169500204A46 /* HomeViewController.swift */,
				04F56181252F3C6C00204A46 /* EventCollectionViewCell.swift */,
				04F56185253049BE00204A46 /* MyCollectionViewCell.swift */,
				04F56186253049BE00204A46 /* MyCollectionViewCell.xib */,
				04F561892533211300204A46 /* MyEventsViewController.swift */,
				04F5618B25337F2500204A46 /* RoomsTittleCollectionViewCell.swift */,
				04F561902534139E00204A46 /* DetailsViewController.swift */,
				04F5619225341AE600204A46 /* ConversationsViewController.swift */,
			);
			path = View;
			sourceTree = "<group>";
		};
		04F5617F252F3C3500204A46 /* ViewModel */ = {
			isa = PBXGroup;
			children = (
				04F5619625342CAE00204A46 /* HomeViewModel.swift */,
			);
			path = ViewModel;
			sourceTree = "<group>";
		};
		04F56180252F3C4300204A46 /* Model */ = {
			isa = PBXGroup;
			children = (
				04F5619425342C8600204A46 /* HomeModel.swift */,
			);
			path = Model;
			sourceTree = "<group>";
		};
		04F5618D2533FE0100204A46 /* Extension */ = {
			isa = PBXGroup;
			children = (
				04F5618E2533FE5600204A46 /* UIViewControllerExtension.swift */,
			);
			path = Extension;
			sourceTree = "<group>";
		};
		6A239FA2FD373E3AF5CA968B /* Frameworks */ = {
			isa = PBXGroup;
			children = (
				9499F183C0BC9691DA321277 /* Pods_EventManageDemo.framework */,
				7B9AEE0EE34E005DC99DC268 /* Pods_EventManageDemo_EventManageDemoUITests.framework */,
				31A05885B3DD42261D5B6756 /* Pods_EventManageDemoTests.framework */,
			);
			name = Frameworks;
			sourceTree = "<group>";
		};
		A99C3E35A68E833DFF0FF89E /* Pods */ = {
			isa = PBXGroup;
			children = (
				7D1F0E4D851F4B2A6A20311C /* Pods-EventManageDemo.debug.xcconfig */,
				45ADFB416D2B18103632D367 /* Pods-EventManageDemo.release.xcconfig */,
				FE107A8772B25FDC1A63BF5C /* Pods-EventManageDemo-EventManageDemoUITests.debug.xcconfig */,
				E9AB041556F2D62D2D087171 /* Pods-EventManageDemo-EventManageDemoUITests.release.xcconfig */,
				67A1F781441C836D29397A3B /* Pods-EventManageDemoTests.debug.xcconfig */,
				A845F18DF437018560D0BC43 /* Pods-EventManageDemoTests.release.xcconfig */,
			);
			name = Pods;
			path = Pods;
			sourceTree = "<group>";
		};
/* End PBXGroup section */

/* Begin PBXNativeTarget section */
		04D593D7252B8C6F001EC5CB /* EventManageDemo */ = {
			isa = PBXNativeTarget;
			buildConfigurationList = 04D59402252B8C73001EC5CB /* Build configuration list for PBXNativeTarget "EventManageDemo" */;
			buildPhases = (
				9553D7ACDED1F18E62DAB01C /* [CP] Check Pods Manifest.lock */,
				04D593D4252B8C6F001EC5CB /* Sources */,
				04D593D5252B8C6F001EC5CB /* Frameworks */,
				04D593D6252B8C6F001EC5CB /* Resources */,
			);
			buildRules = (
			);
			dependencies = (
			);
			name = EventManageDemo;
			productName = EventManageDemo;
			productReference = 04D593D8252B8C6F001EC5CB /* EventManageDemo.app */;
			productType = "com.apple.product-type.application";
		};
		04D593ED252B8C73001EC5CB /* EventManageDemoTests */ = {
			isa = PBXNativeTarget;
			buildConfigurationList = 04D59405252B8C73001EC5CB /* Build configuration list for PBXNativeTarget "EventManageDemoTests" */;
			buildPhases = (
				0939C052E5E8DD7DFB70B0B4 /* [CP] Check Pods Manifest.lock */,
				04D593EA252B8C73001EC5CB /* Sources */,
				04D593EB252B8C73001EC5CB /* Frameworks */,
				04D593EC252B8C73001EC5CB /* Resources */,
			);
			buildRules = (
			);
			dependencies = (
				04D593F0252B8C73001EC5CB /* PBXTargetDependency */,
			);
			name = EventManageDemoTests;
			productName = EventManageDemoTests;
			productReference = 04D593EE252B8C73001EC5CB /* EventManageDemoTests.xctest */;
			productType = "com.apple.product-type.bundle.unit-test";
		};
		04D593F8252B8C73001EC5CB /* EventManageDemoUITests */ = {
			isa = PBXNativeTarget;
			buildConfigurationList = 04D59408252B8C73001EC5CB /* Build configuration list for PBXNativeTarget "EventManageDemoUITests" */;
			buildPhases = (
				6DD3BD18B38A649A50A41F0B /* [CP] Check Pods Manifest.lock */,
				04D593F5252B8C73001EC5CB /* Sources */,
				04D593F6252B8C73001EC5CB /* Frameworks */,
				04D593F7252B8C73001EC5CB /* Resources */,
			);
			buildRules = (
			);
			dependencies = (
				04D593FB252B8C73001EC5CB /* PBXTargetDependency */,
			);
			name = EventManageDemoUITests;
			productName = EventManageDemoUITests;
			productReference = 04D593F9252B8C73001EC5CB /* EventManageDemoUITests.xctest */;
			productType = "com.apple.product-type.bundle.ui-testing";
		};
/* End PBXNativeTarget section */

/* Begin PBXProject section */
		04D593D0252B8C6F001EC5CB /* Project object */ = {
			isa = PBXProject;
			attributes = {
				LastSwiftUpdateCheck = 1150;
				LastUpgradeCheck = 1150;
				ORGANIZATIONNAME = mac;
				TargetAttributes = {
					04D593D7252B8C6F001EC5CB = {
						CreatedOnToolsVersion = 11.5;
					};
					04D593ED252B8C73001EC5CB = {
						CreatedOnToolsVersion = 11.5;
						TestTargetID = 04D593D7252B8C6F001EC5CB;
					};
					04D593F8252B8C73001EC5CB = {
						CreatedOnToolsVersion = 11.5;
						TestTargetID = 04D593D7252B8C6F001EC5CB;
					};
				};
			};
			buildConfigurationList = 04D593D3252B8C6F001EC5CB /* Build configuration list for PBXProject "EventManageDemo" */;
			compatibilityVersion = "Xcode 9.3";
			developmentRegion = en;
			hasScannedForEncodings = 0;
			knownRegions = (
				en,
				Base,
			);
			mainGroup = 04D593CF252B8C6F001EC5CB;
			productRefGroup = 04D593D9252B8C6F001EC5CB /* Products */;
			projectDirPath = "";
			projectRoot = "";
			targets = (
				04D593D7252B8C6F001EC5CB /* EventManageDemo */,
				04D593ED252B8C73001EC5CB /* EventManageDemoTests */,
				04D593F8252B8C73001EC5CB /* EventManageDemoUITests */,
			);
		};
/* End PBXProject section */

/* Begin PBXResourcesBuildPhase section */
		04D593D6252B8C6F001EC5CB /* Resources */ = {
			isa = PBXResourcesBuildPhase;
			buildActionMask = 2147483647;
			files = (
				04F56188253049BE00204A46 /* MyCollectionViewCell.xib in Resources */,
				04D593E8252B8C73001EC5CB /* LaunchScreen.storyboard in Resources */,
				04D593E5252B8C73001EC5CB /* Assets.xcassets in Resources */,
				04D593E3252B8C6F001EC5CB /* Main.storyboard in Resources */,
			);
			runOnlyForDeploymentPostprocessing = 0;
		};
		04D593EC252B8C73001EC5CB /* Resources */ = {
			isa = PBXResourcesBuildPhase;
			buildActionMask = 2147483647;
			files = (
			);
			runOnlyForDeploymentPostprocessing = 0;
		};
		04D593F7252B8C73001EC5CB /* Resources */ = {
			isa = PBXResourcesBuildPhase;
			buildActionMask = 2147483647;
			files = (
			);
			runOnlyForDeploymentPostprocessing = 0;
		};
/* End PBXResourcesBuildPhase section */

/* Begin PBXShellScriptBuildPhase section */
		0939C052E5E8DD7DFB70B0B4 /* [CP] Check Pods Manifest.lock */ = {
			isa = PBXShellScriptBuildPhase;
			buildActionMask = 2147483647;
			files = (
			);
			inputFileListPaths = (
			);
			inputPaths = (
				"${PODS_PODFILE_DIR_PATH}/Podfile.lock",
				"${PODS_ROOT}/Manifest.lock",
			);
			name = "[CP] Check Pods Manifest.lock";
			outputFileListPaths = (
			);
			outputPaths = (
				"$(DERIVED_FILE_DIR)/Pods-EventManageDemoTests-checkManifestLockResult.txt",
			);
			runOnlyForDeploymentPostprocessing = 0;
			shellPath = /bin/sh;
			shellScript = "diff \"${PODS_PODFILE_DIR_PATH}/Podfile.lock\" \"${PODS_ROOT}/Manifest.lock\" > /dev/null\nif [ $? != 0 ] ; then\n    # print error to STDERR\n    echo \"error: The sandbox is not in sync with the Podfile.lock. Run 'pod install' or update your CocoaPods installation.\" >&2\n    exit 1\nfi\n# This output is used by Xcode 'outputs' to avoid re-running this script phase.\necho \"SUCCESS\" > \"${SCRIPT_OUTPUT_FILE_0}\"\n";
			showEnvVarsInLog = 0;
		};
		6DD3BD18B38A649A50A41F0B /* [CP] Check Pods Manifest.lock */ = {
			isa = PBXShellScriptBuildPhase;
			buildActionMask = 2147483647;
			files = (
			);
			inputFileListPaths = (
			);
			inputPaths = (
				"${PODS_PODFILE_DIR_PATH}/Podfile.lock",
				"${PODS_ROOT}/Manifest.lock",
			);
			name = "[CP] Check Pods Manifest.lock";
			outputFileListPaths = (
			);
			outputPaths = (
				"$(DERIVED_FILE_DIR)/Pods-EventManageDemo-EventManageDemoUITests-checkManifestLockResult.txt",
			);
			runOnlyForDeploymentPostprocessing = 0;
			shellPath = /bin/sh;
			shellScript = "diff \"${PODS_PODFILE_DIR_PATH}/Podfile.lock\" \"${PODS_ROOT}/Manifest.lock\" > /dev/null\nif [ $? != 0 ] ; then\n    # print error to STDERR\n    echo \"error: The sandbox is not in sync with the Podfile.lock. Run 'pod install' or update your CocoaPods installation.\" >&2\n    exit 1\nfi\n# This output is used by Xcode 'outputs' to avoid re-running this script phase.\necho \"SUCCESS\" > \"${SCRIPT_OUTPUT_FILE_0}\"\n";
			showEnvVarsInLog = 0;
		};
		9553D7ACDED1F18E62DAB01C /* [CP] Check Pods Manifest.lock */ = {
			isa = PBXShellScriptBuildPhase;
			buildActionMask = 2147483647;
			files = (
			);
			inputFileListPaths = (
			);
			inputPaths = (
				"${PODS_PODFILE_DIR_PATH}/Podfile.lock",
				"${PODS_ROOT}/Manifest.lock",
			);
			name = "[CP] Check Pods Manifest.lock";
			outputFileListPaths = (
			);
			outputPaths = (
				"$(DERIVED_FILE_DIR)/Pods-EventManageDemo-checkManifestLockResult.txt",
			);
			runOnlyForDeploymentPostprocessing = 0;
			shellPath = /bin/sh;
			shellScript = "diff \"${PODS_PODFILE_DIR_PATH}/Podfile.lock\" \"${PODS_ROOT}/Manifest.lock\" > /dev/null\nif [ $? != 0 ] ; then\n    # print error to STDERR\n    echo \"error: The sandbox is not in sync with the Podfile.lock. Run 'pod install' or update your CocoaPods installation.\" >&2\n    exit 1\nfi\n# This output is used by Xcode 'outputs' to avoid re-running this script phase.\necho \"SUCCESS\" > \"${SCRIPT_OUTPUT_FILE_0}\"\n";
			showEnvVarsInLog = 0;
		};
/* End PBXShellScriptBuildPhase section */

/* Begin PBXSourcesBuildPhase section */
		04D593D4252B8C6F001EC5CB /* Sources */ = {
			isa = PBXSourcesBuildPhase;
			buildActionMask = 2147483647;
			files = (
				04D593E0252B8C6F001EC5CB /* ViewController.swift in Sources */,
				04F56182252F3C6C00204A46 /* EventCollectionViewCell.swift in Sources */,
				04F5618F2533FE5600204A46 /* UIViewControllerExtension.swift in Sources */,
				04F5618A2533211300204A46 /* MyEventsViewController.swift in Sources */,
				04F5618C25337F2500204A46 /* RoomsTittleCollectionViewCell.swift in Sources */,
				04F56187253049BE00204A46 /* MyCollectionViewCell.swift in Sources */,
				04D593DC252B8C6F001EC5CB /* AppDelegate.swift in Sources */,
				04D593DE252B8C6F001EC5CB /* SceneDelegate.swift in Sources */,
				04F5619725342CAE00204A46 /* HomeViewModel.swift in Sources */,
				04F5619525342C8600204A46 /* HomeModel.swift in Sources */,
				04F5617E252F169500204A46 /* HomeViewController.swift in Sources */,
				04F5619325341AE600204A46 /* ConversationsViewController.swift in Sources */,
				04F561912534139E00204A46 /* DetailsViewController.swift in Sources */,
			);
			runOnlyForDeploymentPostprocessing = 0;
		};
		04D593EA252B8C73001EC5CB /* Sources */ = {
			isa = PBXSourcesBuildPhase;
			buildActionMask = 2147483647;
			files = (
				04D593F3252B8C73001EC5CB /* EventManageDemoTests.swift in Sources */,
			);
			runOnlyForDeploymentPostprocessing = 0;
		};
		04D593F5252B8C73001EC5CB /* Sources */ = {
			isa = PBXSourcesBuildPhase;
			buildActionMask = 2147483647;
			files = (
				04D593FE252B8C73001EC5CB /* EventManageDemoUITests.swift in Sources */,
			);
			runOnlyForDeploymentPostprocessing = 0;
		};
/* End PBXSourcesBuildPhase section */

/* Begin PBXTargetDependency section */
		04D593F0252B8C73001EC5CB /* PBXTargetDependency */ = {
			isa = PBXTargetDependency;
			target = 04D593D7252B8C6F001EC5CB /* EventManageDemo */;
			targetProxy = 04D593EF252B8C73001EC5CB /* PBXContainerItemProxy */;
		};
		04D593FB252B8C73001EC5CB /* PBXTargetDependency */ = {
			isa = PBXTargetDependency;
			target = 04D593D7252B8C6F001EC5CB /* EventManageDemo */;
			targetProxy = 04D593FA252B8C73001EC5CB /* PBXContainerItemProxy */;
		};
/* End PBXTargetDependency section */

/* Begin PBXVariantGroup section */
		04D593E1252B8C6F001EC5CB /* Main.storyboard */ = {
			isa = PBXVariantGroup;
			children = (
				04D593E2252B8C6F001EC5CB /* Base */,
			);
			name = Main.storyboard;
			sourceTree = "<group>";
		};
		04D593E6252B8C73001EC5CB /* LaunchScreen.storyboard */ = {
			isa = PBXVariantGroup;
			children = (
				04D593E7252B8C73001EC5CB /* Base */,
			);
			name = LaunchScreen.storyboard;
			sourceTree = "<group>";
		};
/* End PBXVariantGroup section */

/* Begin XCBuildConfiguration section */
		04D59400252B8C73001EC5CB /* Debug */ = {
			isa = XCBuildConfiguration;
			buildSettings = {
				ALWAYS_SEARCH_USER_PATHS = NO;
				CLANG_ANALYZER_NONNULL = YES;
				CLANG_ANALYZER_NUMBER_OBJECT_CONVERSION = YES_AGGRESSIVE;
				CLANG_CXX_LANGUAGE_STANDARD = "gnu++14";
				CLANG_CXX_LIBRARY = "libc++";
				CLANG_ENABLE_MODULES = YES;
				CLANG_ENABLE_OBJC_ARC = YES;
				CLANG_ENABLE_OBJC_WEAK = YES;
				CLANG_WARN_BLOCK_CAPTURE_AUTORELEASING = YES;
				CLANG_WARN_BOOL_CONVERSION = YES;
				CLANG_WARN_COMMA = YES;
				CLANG_WARN_CONSTANT_CONVERSION = YES;
				CLANG_WARN_DEPRECATED_OBJC_IMPLEMENTATIONS = YES;
				CLANG_WARN_DIRECT_OBJC_ISA_USAGE = YES_ERROR;
				CLANG_WARN_DOCUMENTATION_COMMENTS = YES;
				CLANG_WARN_EMPTY_BODY = YES;
				CLANG_WARN_ENUM_CONVERSION = YES;
				CLANG_WARN_INFINITE_RECURSION = YES;
				CLANG_WARN_INT_CONVERSION = YES;
				CLANG_WARN_NON_LITERAL_NULL_CONVERSION = YES;
				CLANG_WARN_OBJC_IMPLICIT_RETAIN_SELF = YES;
				CLANG_WARN_OBJC_LITERAL_CONVERSION = YES;
				CLANG_WARN_OBJC_ROOT_CLASS = YES_ERROR;
				CLANG_WARN_RANGE_LOOP_ANALYSIS = YES;
				CLANG_WARN_STRICT_PROTOTYPES = YES;
				CLANG_WARN_SUSPICIOUS_MOVE = YES;
				CLANG_WARN_UNGUARDED_AVAILABILITY = YES_AGGRESSIVE;
				CLANG_WARN_UNREACHABLE_CODE = YES;
				CLANG_WARN__DUPLICATE_METHOD_MATCH = YES;
				COPY_PHASE_STRIP = NO;
				DEBUG_INFORMATION_FORMAT = dwarf;
				ENABLE_STRICT_OBJC_MSGSEND = YES;
				ENABLE_TESTABILITY = YES;
				GCC_C_LANGUAGE_STANDARD = gnu11;
				GCC_DYNAMIC_NO_PIC = NO;
				GCC_NO_COMMON_BLOCKS = YES;
				GCC_OPTIMIZATION_LEVEL = 0;
				GCC_PREPROCESSOR_DEFINITIONS = (
					"DEBUG=1",
					"$(inherited)",
				);
				GCC_WARN_64_TO_32_BIT_CONVERSION = YES;
				GCC_WARN_ABOUT_RETURN_TYPE = YES_ERROR;
				GCC_WARN_UNDECLARED_SELECTOR = YES;
				GCC_WARN_UNINITIALIZED_AUTOS = YES_AGGRESSIVE;
				GCC_WARN_UNUSED_FUNCTION = YES;
				GCC_WARN_UNUSED_VARIABLE = YES;
				IPHONEOS_DEPLOYMENT_TARGET = 13.5;
				MTL_ENABLE_DEBUG_INFO = INCLUDE_SOURCE;
				MTL_FAST_MATH = YES;
				ONLY_ACTIVE_ARCH = YES;
				SDKROOT = iphoneos;
				SWIFT_ACTIVE_COMPILATION_CONDITIONS = DEBUG;
				SWIFT_OPTIMIZATION_LEVEL = "-Onone";
			};
			name = Debug;
		};
		04D59401252B8C73001EC5CB /* Release */ = {
			isa = XCBuildConfiguration;
			buildSettings = {
				ALWAYS_SEARCH_USER_PATHS = NO;
				CLANG_ANALYZER_NONNULL = YES;
				CLANG_ANALYZER_NUMBER_OBJECT_CONVERSION = YES_AGGRESSIVE;
				CLANG_CXX_LANGUAGE_STANDARD = "gnu++14";
				CLANG_CXX_LIBRARY = "libc++";
				CLANG_ENABLE_MODULES = YES;
				CLANG_ENABLE_OBJC_ARC = YES;
				CLANG_ENABLE_OBJC_WEAK = YES;
				CLANG_WARN_BLOCK_CAPTURE_AUTORELEASING = YES;
				CLANG_WARN_BOOL_CONVERSION = YES;
				CLANG_WARN_COMMA = YES;
				CLANG_WARN_CONSTANT_CONVERSION = YES;
				CLANG_WARN_DEPRECATED_OBJC_IMPLEMENTATIONS = YES;
				CLANG_WARN_DIRECT_OBJC_ISA_USAGE = YES_ERROR;
				CLANG_WARN_DOCUMENTATION_COMMENTS = YES;
				CLANG_WARN_EMPTY_BODY = YES;
				CLANG_WARN_ENUM_CONVERSION = YES;
				CLANG_WARN_INFINITE_RECURSION = YES;
				CLANG_WARN_INT_CONVERSION = YES;
				CLANG_WARN_NON_LITERAL_NULL_CONVERSION = YES;
				CLANG_WARN_OBJC_IMPLICIT_RETAIN_SELF = YES;
				CLANG_WARN_OBJC_LITERAL_CONVERSION = YES;
				CLANG_WARN_OBJC_ROOT_CLASS = YES_ERROR;
				CLANG_WARN_RANGE_LOOP_ANALYSIS = YES;
				CLANG_WARN_STRICT_PROTOTYPES = YES;
				CLANG_WARN_SUSPICIOUS_MOVE = YES;
				CLANG_WARN_UNGUARDED_AVAILABILITY = YES_AGGRESSIVE;
				CLANG_WARN_UNREACHABLE_CODE = YES;
				CLANG_WARN__DUPLICATE_METHOD_MATCH = YES;
				COPY_PHASE_STRIP = NO;
				DEBUG_INFORMATION_FORMAT = "dwarf-with-dsym";
				ENABLE_NS_ASSERTIONS = NO;
				ENABLE_STRICT_OBJC_MSGSEND = YES;
				GCC_C_LANGUAGE_STANDARD = gnu11;
				GCC_NO_COMMON_BLOCKS = YES;
				GCC_WARN_64_TO_32_BIT_CONVERSION = YES;
				GCC_WARN_ABOUT_RETURN_TYPE = YES_ERROR;
				GCC_WARN_UNDECLARED_SELECTOR = YES;
				GCC_WARN_UNINITIALIZED_AUTOS = YES_AGGRESSIVE;
				GCC_WARN_UNUSED_FUNCTION = YES;
				GCC_WARN_UNUSED_VARIABLE = YES;
				IPHONEOS_DEPLOYMENT_TARGET = 13.5;
				MTL_ENABLE_DEBUG_INFO = NO;
				MTL_FAST_MATH = YES;
				SDKROOT = iphoneos;
				SWIFT_COMPILATION_MODE = wholemodule;
				SWIFT_OPTIMIZATION_LEVEL = "-O";
				VALIDATE_PRODUCT = YES;
			};
			name = Release;
		};
		04D59403252B8C73001EC5CB /* Debug */ = {
			isa = XCBuildConfiguration;
			baseConfigurationReference = 7D1F0E4D851F4B2A6A20311C /* Pods-EventManageDemo.debug.xcconfig */;
			buildSettings = {
				ASSETCATALOG_COMPILER_APPICON_NAME = AppIcon;
				CODE_SIGN_STYLE = Automatic;
				INFOPLIST_FILE = EventManageDemo/Info.plist;
				LD_RUNPATH_SEARCH_PATHS = (
					"$(inherited)",
					"@executable_path/Frameworks",
				);
				PRODUCT_BUNDLE_IDENTIFIER = "com.doodleblue.AP-CSO.EventManageDemo";
				PRODUCT_NAME = "$(TARGET_NAME)";
				SWIFT_VERSION = 5.0;
				TARGETED_DEVICE_FAMILY = "1,2";
			};
			name = Debug;
		};
		04D59404252B8C73001EC5CB /* Release */ = {
			isa = XCBuildConfiguration;
			baseConfigurationReference = 45ADFB416D2B18103632D367 /* Pods-EventManageDemo.release.xcconfig */;
			buildSettings = {
				ASSETCATALOG_COMPILER_APPICON_NAME = AppIcon;
				CODE_SIGN_STYLE = Automatic;
				INFOPLIST_FILE = EventManageDemo/Info.plist;
				LD_RUNPATH_SEARCH_PATHS = (
					"$(inherited)",
					"@executable_path/Frameworks",
				);
				PRODUCT_BUNDLE_IDENTIFIER = "com.doodleblue.AP-CSO.EventManageDemo";
				PRODUCT_NAME = "$(TARGET_NAME)";
				SWIFT_VERSION = 5.0;
				TARGETED_DEVICE_FAMILY = "1,2";
			};
			name = Release;
		};
		04D59406252B8C73001EC5CB /* Debug */ = {
			isa = XCBuildConfiguration;
			baseConfigurationReference = 67A1F781441C836D29397A3B /* Pods-EventManageDemoTests.debug.xcconfig */;
			buildSettings = {
				ALWAYS_EMBED_SWIFT_STANDARD_LIBRARIES = YES;
				BUNDLE_LOADER = "$(TEST_HOST)";
				CODE_SIGN_STYLE = Automatic;
				INFOPLIST_FILE = EventManageDemoTests/Info.plist;
				IPHONEOS_DEPLOYMENT_TARGET = 13.5;
				LD_RUNPATH_SEARCH_PATHS = (
					"$(inherited)",
					"@executable_path/Frameworks",
					"@loader_path/Frameworks",
				);
				PRODUCT_BUNDLE_IDENTIFIER = "com.doodleblue.AP-CSO.EventManageDemoTests";
				PRODUCT_NAME = "$(TARGET_NAME)";
				SWIFT_VERSION = 5.0;
				TARGETED_DEVICE_FAMILY = "1,2";
				TEST_HOST = "$(BUILT_PRODUCTS_DIR)/EventManageDemo.app/EventManageDemo";
			};
			name = Debug;
		};
		04D59407252B8C73001EC5CB /* Release */ = {
			isa = XCBuildConfiguration;
			baseConfigurationReference = A845F18DF437018560D0BC43 /* Pods-EventManageDemoTests.release.xcconfig */;
			buildSettings = {
				ALWAYS_EMBED_SWIFT_STANDARD_LIBRARIES = YES;
				BUNDLE_LOADER = "$(TEST_HOST)";
				CODE_SIGN_STYLE = Automatic;
				INFOPLIST_FILE = EventManageDemoTests/Info.plist;
				IPHONEOS_DEPLOYMENT_TARGET = 13.5;
				LD_RUNPATH_SEARCH_PATHS = (
					"$(inherited)",
					"@executable_path/Frameworks",
					"@loader_path/Frameworks",
				);
				PRODUCT_BUNDLE_IDENTIFIER = "com.doodleblue.AP-CSO.EventManageDemoTests";
				PRODUCT_NAME = "$(TARGET_NAME)";
				SWIFT_VERSION = 5.0;
				TARGETED_DEVICE_FAMILY = "1,2";
				TEST_HOST = "$(BUILT_PRODUCTS_DIR)/EventManageDemo.app/EventManageDemo";
			};
			name = Release;
		};
		04D59409252B8C73001EC5CB /* Debug */ = {
			isa = XCBuildConfiguration;
			baseConfigurationReference = FE107A8772B25FDC1A63BF5C /* Pods-EventManageDemo-EventManageDemoUITests.debug.xcconfig */;
			buildSettings = {
				ALWAYS_EMBED_SWIFT_STANDARD_LIBRARIES = YES;
				CODE_SIGN_STYLE = Automatic;
				INFOPLIST_FILE = EventManageDemoUITests/Info.plist;
				LD_RUNPATH_SEARCH_PATHS = (
					"$(inherited)",
					"@executable_path/Frameworks",
					"@loader_path/Frameworks",
				);
				PRODUCT_BUNDLE_IDENTIFIER = "com.doodleblue.AP-CSO.EventManageDemoUITests";
				PRODUCT_NAME = "$(TARGET_NAME)";
				SWIFT_VERSION = 5.0;
				TARGETED_DEVICE_FAMILY = "1,2";
				TEST_TARGET_NAME = EventManageDemo;
			};
			name = Debug;
		};
		04D5940A252B8C73001EC5CB /* Release */ = {
			isa = XCBuildConfiguration;
			baseConfigurationReference = E9AB041556F2D62D2D087171 /* Pods-EventManageDemo-EventManageDemoUITests.release.xcconfig */;
			buildSettings = {
				ALWAYS_EMBED_SWIFT_STANDARD_LIBRARIES = YES;
				CODE_SIGN_STYLE = Automatic;
				INFOPLIST_FILE = EventManageDemoUITests/Info.plist;
				LD_RUNPATH_SEARCH_PATHS = (
					"$(inherited)",
					"@executable_path/Frameworks",
					"@loader_path/Frameworks",
				);
				PRODUCT_BUNDLE_IDENTIFIER = "com.doodleblue.AP-CSO.EventManageDemoUITests";
				PRODUCT_NAME = "$(TARGET_NAME)";
				SWIFT_VERSION = 5.0;
				TARGETED_DEVICE_FAMILY = "1,2";
				TEST_TARGET_NAME = EventManageDemo;
			};
			name = Release;
		};
/* End XCBuildConfiguration section */

/* Begin XCConfigurationList section */
		04D593D3252B8C6F001EC5CB /* Build configuration list for PBXProject "EventManageDemo" */ = {
			isa = XCConfigurationList;
			buildConfigurations = (
				04D59400252B8C73001EC5CB /* Debug */,
				04D59401252B8C73001EC5CB /* Release */,
			);
			defaultConfigurationIsVisible = 0;
			defaultConfigurationName = Release;
		};
		04D59402252B8C73001EC5CB /* Build configuration list for PBXNativeTarget "EventManageDemo" */ = {
			isa = XCConfigurationList;
			buildConfigurations = (
				04D59403252B8C73001EC5CB /* Debug */,
				04D59404252B8C73001EC5CB /* Release */,
			);
			defaultConfigurationIsVisible = 0;
			defaultConfigurationName = Release;
		};
		04D59405252B8C73001EC5CB /* Build configuration list for PBXNativeTarget "EventManageDemoTests" */ = {
			isa = XCConfigurationList;
			buildConfigurations = (
				04D59406252B8C73001EC5CB /* Debug */,
				04D59407252B8C73001EC5CB /* Release */,
			);
			defaultConfigurationIsVisible = 0;
			defaultConfigurationName = Release;
		};
		04D59408252B8C73001EC5CB /* Build configuration list for PBXNativeTarget "EventManageDemoUITests" */ = {
			isa = XCConfigurationList;
			buildConfigurations = (
				04D59409252B8C73001EC5CB /* Debug */,
				04D5940A252B8C73001EC5CB /* Release */,
			);
			defaultConfigurationIsVisible = 0;
			defaultConfigurationName = Release;
		};
/* End XCConfigurationList section */
	};
	rootObject = 04D593D0252B8C6F001EC5CB /* Project object */;
}
